
Microsoft Visual Studio Solution File, Format Version 12.00
# Visual Studio Version 16
VisualStudioVersion = 16.0.30011.22
MinimumVisualStudioVersion = 10.0.40219.1
Project("{FAE04EC0-301F-11D3-BF4B-00C04F79EFBC}") = "GoRunApp", "GoRunApp\GoRunApp.csproj", "{D26275AA-0F8D-4D3B-A328-CCA3E291079B}"
EndProject
Global
	GlobalSection(SolutionConfigurationPlatforms) = preSolution
		Debug|Any CPU = Debug|Any CPU
		Release|Any CPU = Release|Any CPU
	EndGlobalSection
	GlobalSection(ProjectConfigurationPlatforms) = postSolution
		{D26275AA-0F8D-4D3B-A328-CCA3E291079B}.Debug|Any CPU.ActiveCfg = Debug|Any CPU
		{D26275AA-0F8D-4D3B-A328-CCA3E291079B}.Debug|Any CPU.Build.0 = Debug|Any CPU
		{D26275AA-0F8D-4D3B-A328-CCA3E291079B}.Release|Any CPU.ActiveCfg = Release|Any CPU
		{D26275AA-0F8D-4D3B-A328-CCA3E291079B}.Release|Any CPU.Build.0 = Release|Any CPU
	EndGlobalSection
	GlobalSection(SolutionProperties) = preSolution
		HideSolutionNode = FALSE
	EndGlobalSection
	GlobalSection(ExtensibilityGlobals) = postSolution
		SolutionGuid = {1FDBF765-66EE-4F04-A87F-17CDB08C2D73}
	EndGlobalSection
EndGlobal
